
Microsoft Visual Studio Solution File, Format Version 12.00
# Visual Studio Version 17
VisualStudioVersion = 17.10.35027.167
MinimumVisualStudioVersion = 10.0.40219.1
Project("{FAE04EC0-301F-11D3-BF4B-00C04F79EFBC}") = "FacebookUserEngagementPrediction", "FacebookUserEngagementPrediction\FacebookUserEngagementPrediction.csproj", "{D1AF213A-E53F-4938-986F-9F460E7BF3FD}"
EndProject
Global
	GlobalSection(SolutionConfigurationPlatforms) = preSolution
		Debug|Any CPU = Debug|Any CPU
		Release|Any CPU = Release|Any CPU
	EndGlobalSection
	GlobalSection(ProjectConfigurationPlatforms) = postSolution
		{D1AF213A-E53F-4938-986F-9F460E7BF3FD}.Debug|Any CPU.ActiveCfg = Debug|Any CPU
		{D1AF213A-E53F-4938-986F-9F460E7BF3FD}.Debug|Any CPU.Build.0 = Debug|Any CPU
		{D1AF213A-E53F-4938-986F-9F460E7BF3FD}.Release|Any CPU.ActiveCfg = Release|Any CPU
		{D1AF213A-E53F-4938-986F-9F460E7BF3FD}.Release|Any CPU.Build.0 = Release|Any CPU
	EndGlobalSection
	GlobalSection(SolutionProperties) = preSolution
		HideSolutionNode = FALSE
	EndGlobalSection
	GlobalSection(ExtensibilityGlobals) = postSolution
		SolutionGuid = {730BD737-BC4C-4C84-BD89-BE4462EEEDB5}
	EndGlobalSection
EndGlobal
